
Microsoft Visual Studio Solution File, Format Version 12.00
# Visual Studio Version 17
VisualStudioVersion = 17.10.35122.118
MinimumVisualStudioVersion = 10.0.40219.1
Project("{FAE04EC0-301F-11D3-BF4B-00C04F79EFBC}") = "LibraryDelegatesApp", "LibraryDelegatesApp.csproj", "{A6E73BF7-5778-4C81-9A63-811D33E62E83}"
EndProject
Global
	GlobalSection(SolutionConfigurationPlatforms) = preSolution
		Debug|Any CPU = Debug|Any CPU
		Release|Any CPU = Release|Any CPU
	EndGlobalSection
	GlobalSection(ProjectConfigurationPlatforms) = postSolution
		{A6E73BF7-5778-4C81-9A63-811D33E62E83}.Debug|Any CPU.ActiveCfg = Debug|Any CPU
		{A6E73BF7-5778-4C81-9A63-811D33E62E83}.Debug|Any CPU.Build.0 = Debug|Any CPU
		{A6E73BF7-5778-4C81-9A63-811D33E62E83}.Release|Any CPU.ActiveCfg = Release|Any CPU
		{A6E73BF7-5778-4C81-9A63-811D33E62E83}.Release|Any CPU.Build.0 = Release|Any CPU
	EndGlobalSection
	GlobalSection(SolutionProperties) = preSolution
		HideSolutionNode = FALSE
	EndGlobalSection
	GlobalSection(ExtensibilityGlobals) = postSolution
		SolutionGuid = {2E4915D7-6925-4C5C-8A36-51545553C70B}
	EndGlobalSection
EndGlobal
